
Microsoft Visual Studio Solution File, Format Version 12.00
# Visual Studio 15
VisualStudioVersion = 15.0.27004.2009
MinimumVisualStudioVersion = 10.0.40219.1
Project("{FAE04EC0-301F-11D3-BF4B-00C04F79EFBC}") = "Test_Obmann887l", "Test_Obmann887l\Test_Obmann887l.csproj", "{F3E04A53-42BE-4B24-A2AD-3A2E7A04B399}"
EndProject
Global
	GlobalSection(SolutionConfigurationPlatforms) = preSolution
		Debug|Any CPU = Debug|Any CPU
		Release|Any CPU = Release|Any CPU
	EndGlobalSection
	GlobalSection(ProjectConfigurationPlatforms) = postSolution
		{F3E04A53-42BE-4B24-A2AD-3A2E7A04B399}.Debug|Any CPU.ActiveCfg = Debug|Any CPU
		{F3E04A53-42BE-4B24-A2AD-3A2E7A04B399}.Debug|Any CPU.Build.0 = Debug|Any CPU
		{F3E04A53-42BE-4B24-A2AD-3A2E7A04B399}.Release|Any CPU.ActiveCfg = Release|Any CPU
		{F3E04A53-42BE-4B24-A2AD-3A2E7A04B399}.Release|Any CPU.Build.0 = Release|Any CPU
	EndGlobalSection
	GlobalSection(SolutionProperties) = preSolution
		HideSolutionNode = FALSE
	EndGlobalSection
	GlobalSection(ExtensibilityGlobals) = postSolution
		SolutionGuid = {8535FF0C-3213-4E2D-BDE1-3BA2D4DE3530}
	EndGlobalSection
EndGlobal
